
Microsoft Visual Studio Solution File, Format Version 12.00
# Visual Studio Version 17
VisualStudioVersion = 17.11.35312.102
MinimumVisualStudioVersion = 10.0.40219.1
Project("{9A19103F-16F7-4668-BE54-9A1E7A4F7556}") = "FinancialManagementApp", "FinancialManagementApp.csproj", "{9783EECD-E4B7-4B9F-98D7-E3DA90C76F7F}"
EndProject
Project("{FAE04EC0-301F-11D3-BF4B-00C04F79EFBC}") = "FinancialManagement.Tests", "..\FinancialManagement.Tests\FinancialManagement.Tests.csproj", "{08E98817-C38D-4BE4-AA22-835900A6BDAE}"
EndProject
Global
	GlobalSection(SolutionConfigurationPlatforms) = preSolution
		Debug|Any CPU = Debug|Any CPU
		Release|Any CPU = Release|Any CPU
	EndGlobalSection
	GlobalSection(ProjectConfigurationPlatforms) = postSolution
		{9783EECD-E4B7-4B9F-98D7-E3DA90C76F7F}.Debug|Any CPU.ActiveCfg = Debug|Any CPU
		{9783EECD-E4B7-4B9F-98D7-E3DA90C76F7F}.Debug|Any CPU.Build.0 = Debug|Any CPU
		{9783EECD-E4B7-4B9F-98D7-E3DA90C76F7F}.Release|Any CPU.ActiveCfg = Release|Any CPU
		{9783EECD-E4B7-4B9F-98D7-E3DA90C76F7F}.Release|Any CPU.Build.0 = Release|Any CPU
		{08E98817-C38D-4BE4-AA22-835900A6BDAE}.Debug|Any CPU.ActiveCfg = Debug|Any CPU
		{08E98817-C38D-4BE4-AA22-835900A6BDAE}.Debug|Any CPU.Build.0 = Debug|Any CPU
		{08E98817-C38D-4BE4-AA22-835900A6BDAE}.Release|Any CPU.ActiveCfg = Release|Any CPU
		{08E98817-C38D-4BE4-AA22-835900A6BDAE}.Release|Any CPU.Build.0 = Release|Any CPU
	EndGlobalSection
	GlobalSection(SolutionProperties) = preSolution
		HideSolutionNode = FALSE
	EndGlobalSection
	GlobalSection(ExtensibilityGlobals) = postSolution
		SolutionGuid = {977CE74B-A982-4EC6-8C7E-E62D71DC5374}
	EndGlobalSection
EndGlobal
